
Microsoft Visual Studio Solution File, Format Version 12.00
# Visual Studio Version 17
VisualStudioVersion = 17.10.34928.147
MinimumVisualStudioVersion = 10.0.40219.1
Project("{FAE04EC0-301F-11D3-BF4B-00C04F79EFBC}") = "ClientApp", "ClientApp.csproj", "{DEBE4C75-79CA-47D3-83C1-8E10510CBFAB}"
EndProject
Project("{FAE04EC0-301F-11D3-BF4B-00C04F79EFBC}") = "AdminApp", "..\AdminApp\AdminApp.csproj", "{2C2032BA-FA9B-47BC-968E-AF907B427A10}"
EndProject
Global
	GlobalSection(SolutionConfigurationPlatforms) = preSolution
		Debug|Any CPU = Debug|Any CPU
		Release|Any CPU = Release|Any CPU
	EndGlobalSection
	GlobalSection(ProjectConfigurationPlatforms) = postSolution
		{DEBE4C75-79CA-47D3-83C1-8E10510CBFAB}.Debug|Any CPU.ActiveCfg = Debug|Any CPU
		{DEBE4C75-79CA-47D3-83C1-8E10510CBFAB}.Debug|Any CPU.Build.0 = Debug|Any CPU
		{DEBE4C75-79CA-47D3-83C1-8E10510CBFAB}.Release|Any CPU.ActiveCfg = Release|Any CPU
		{DEBE4C75-79CA-47D3-83C1-8E10510CBFAB}.Release|Any CPU.Build.0 = Release|Any CPU
		{2C2032BA-FA9B-47BC-968E-AF907B427A10}.Debug|Any CPU.ActiveCfg = Debug|Any CPU
		{2C2032BA-FA9B-47BC-968E-AF907B427A10}.Debug|Any CPU.Build.0 = Debug|Any CPU
		{2C2032BA-FA9B-47BC-968E-AF907B427A10}.Release|Any CPU.ActiveCfg = Release|Any CPU
		{2C2032BA-FA9B-47BC-968E-AF907B427A10}.Release|Any CPU.Build.0 = Release|Any CPU
	EndGlobalSection
	GlobalSection(SolutionProperties) = preSolution
		HideSolutionNode = FALSE
	EndGlobalSection
	GlobalSection(ExtensibilityGlobals) = postSolution
		SolutionGuid = {DCDD9BBE-B247-49CE-98AB-2E42B3583766}
	EndGlobalSection
EndGlobal
